
Microsoft Visual Studio Solution File, Format Version 12.00
# Visual Studio Version 17
VisualStudioVersion = 17.11.35219.272
MinimumVisualStudioVersion = 10.0.40219.1
Project("{FAE04EC0-301F-11D3-BF4B-00C04F79EFBC}") = "Pacientes", "Pacientes.csproj", "{FBC24F41-C0E8-4D27-8026-C94107C5870B}"
EndProject
Global
	GlobalSection(SolutionConfigurationPlatforms) = preSolution
		Debug|Any CPU = Debug|Any CPU
		Release|Any CPU = Release|Any CPU
	EndGlobalSection
	GlobalSection(ProjectConfigurationPlatforms) = postSolution
		{FBC24F41-C0E8-4D27-8026-C94107C5870B}.Debug|Any CPU.ActiveCfg = Debug|Any CPU
		{FBC24F41-C0E8-4D27-8026-C94107C5870B}.Debug|Any CPU.Build.0 = Debug|Any CPU
		{FBC24F41-C0E8-4D27-8026-C94107C5870B}.Release|Any CPU.ActiveCfg = Release|Any CPU
		{FBC24F41-C0E8-4D27-8026-C94107C5870B}.Release|Any CPU.Build.0 = Release|Any CPU
	EndGlobalSection
	GlobalSection(SolutionProperties) = preSolution
		HideSolutionNode = FALSE
	EndGlobalSection
	GlobalSection(ExtensibilityGlobals) = postSolution
		SolutionGuid = {5E1CF485-DE4D-4C0D-ACD0-49A37060CFC4}
	EndGlobalSection
EndGlobal
